
Microsoft Visual Studio Solution File, Format Version 12.00
# Visual Studio 15
VisualStudioVersion = 15.0.28307.489
MinimumVisualStudioVersion = 10.0.40219.1
Project("{FAE04EC0-301F-11D3-BF4B-00C04F79EFBC}") = "01_SyncSockets_Listener", "01_SyncSockets\01_SyncSockets_Listener.csproj", "{5C26CC31-DDA7-4D45-A1C7-E17228CDF5A3}"
EndProject
Project("{FAE04EC0-301F-11D3-BF4B-00C04F79EFBC}") = "02_SyncSocket_Client", "02_SyncSocket_Client\02_SyncSocket_Client.csproj", "{C518D03A-86A4-4F1C-BF16-CD61204C707E}"
EndProject
Project("{FAE04EC0-301F-11D3-BF4B-00C04F79EFBC}") = "03_AsyncSockets_Server", "03_AsyncSockets_Server\03_AsyncSockets_Server.csproj", "{EBB66E1D-EEA6-4BE9-9140-6991D3035E85}"
EndProject
Project("{FAE04EC0-301F-11D3-BF4B-00C04F79EFBC}") = "04_AsyncSockets_Client", "04_AsyncSockets_Client\04_AsyncSockets_Client.csproj", "{E3CFD33B-489E-4F61-BA9B-E55C2395891E}"
EndProject
Project("{FAE04EC0-301F-11D3-BF4B-00C04F79EFBC}") = "05_UDP_Server", "05_UDP_Server\05_UDP_Server.csproj", "{E4F6E0D0-885B-42CB-B1CB-174BF5BE7683}"
EndProject
Project("{FAE04EC0-301F-11D3-BF4B-00C04F79EFBC}") = "06_UDP_Client", "06_UDP_Client\06_UDP_Client.csproj", "{CC2394CE-74BB-4AE1-A5E6-459C860182E4}"
EndProject
Global
	GlobalSection(SolutionConfigurationPlatforms) = preSolution
		Debug|Any CPU = Debug|Any CPU
		Release|Any CPU = Release|Any CPU
	EndGlobalSection
	GlobalSection(ProjectConfigurationPlatforms) = postSolution
		{5C26CC31-DDA7-4D45-A1C7-E17228CDF5A3}.Debug|Any CPU.ActiveCfg = Debug|Any CPU
		{5C26CC31-DDA7-4D45-A1C7-E17228CDF5A3}.Debug|Any CPU.Build.0 = Debug|Any CPU
		{5C26CC31-DDA7-4D45-A1C7-E17228CDF5A3}.Release|Any CPU.ActiveCfg = Release|Any CPU
		{5C26CC31-DDA7-4D45-A1C7-E17228CDF5A3}.Release|Any CPU.Build.0 = Release|Any CPU
		{C518D03A-86A4-4F1C-BF16-CD61204C707E}.Debug|Any CPU.ActiveCfg = Debug|Any CPU
		{C518D03A-86A4-4F1C-BF16-CD61204C707E}.Debug|Any CPU.Build.0 = Debug|Any CPU
		{C518D03A-86A4-4F1C-BF16-CD61204C707E}.Release|Any CPU.ActiveCfg = Release|Any CPU
		{C518D03A-86A4-4F1C-BF16-CD61204C707E}.Release|Any CPU.Build.0 = Release|Any CPU
		{EBB66E1D-EEA6-4BE9-9140-6991D3035E85}.Debug|Any CPU.ActiveCfg = Debug|Any CPU
		{EBB66E1D-EEA6-4BE9-9140-6991D3035E85}.Debug|Any CPU.Build.0 = Debug|Any CPU
		{EBB66E1D-EEA6-4BE9-9140-6991D3035E85}.Release|Any CPU.ActiveCfg = Release|Any CPU
		{EBB66E1D-EEA6-4BE9-9140-6991D3035E85}.Release|Any CPU.Build.0 = Release|Any CPU
		{E3CFD33B-489E-4F61-BA9B-E55C2395891E}.Debug|Any CPU.ActiveCfg = Debug|Any CPU
		{E3CFD33B-489E-4F61-BA9B-E55C2395891E}.Debug|Any CPU.Build.0 = Debug|Any CPU
		{E3CFD33B-489E-4F61-BA9B-E55C2395891E}.Release|Any CPU.ActiveCfg = Release|Any CPU
		{E3CFD33B-489E-4F61-BA9B-E55C2395891E}.Release|Any CPU.Build.0 = Release|Any CPU
		{E4F6E0D0-885B-42CB-B1CB-174BF5BE7683}.Debug|Any CPU.ActiveCfg = Debug|Any CPU
		{E4F6E0D0-885B-42CB-B1CB-174BF5BE7683}.Debug|Any CPU.Build.0 = Debug|Any CPU
		{E4F6E0D0-885B-42CB-B1CB-174BF5BE7683}.Release|Any CPU.ActiveCfg = Release|Any CPU
		{E4F6E0D0-885B-42CB-B1CB-174BF5BE7683}.Release|Any CPU.Build.0 = Release|Any CPU
		{CC2394CE-74BB-4AE1-A5E6-459C860182E4}.Debug|Any CPU.ActiveCfg = Debug|Any CPU
		{CC2394CE-74BB-4AE1-A5E6-459C860182E4}.Debug|Any CPU.Build.0 = Debug|Any CPU
		{CC2394CE-74BB-4AE1-A5E6-459C860182E4}.Release|Any CPU.ActiveCfg = Release|Any CPU
		{CC2394CE-74BB-4AE1-A5E6-459C860182E4}.Release|Any CPU.Build.0 = Release|Any CPU
	EndGlobalSection
	GlobalSection(SolutionProperties) = preSolution
		HideSolutionNode = FALSE
	EndGlobalSection
	GlobalSection(ExtensibilityGlobals) = postSolution
		SolutionGuid = {85497FD1-B05B-4102-AE86-A0B306E0DDD2}
	EndGlobalSection
EndGlobal
