
Microsoft Visual Studio Solution File, Format Version 12.00
# Visual Studio 15
VisualStudioVersion = 15.0.28307.489
MinimumVisualStudioVersion = 10.0.40219.1
Project("{FAE04EC0-301F-11D3-BF4B-00C04F79EFBC}") = "01_SyncSockets", "01_SyncSockets\01_SyncSockets.csproj", "{5C26CC31-DDA7-4D45-A1C7-E17228CDF5A3}"
EndProject
Global
	GlobalSection(SolutionConfigurationPlatforms) = preSolution
		Debug|Any CPU = Debug|Any CPU
		Release|Any CPU = Release|Any CPU
	EndGlobalSection
	GlobalSection(ProjectConfigurationPlatforms) = postSolution
		{5C26CC31-DDA7-4D45-A1C7-E17228CDF5A3}.Debug|Any CPU.ActiveCfg = Debug|Any CPU
		{5C26CC31-DDA7-4D45-A1C7-E17228CDF5A3}.Debug|Any CPU.Build.0 = Debug|Any CPU
		{5C26CC31-DDA7-4D45-A1C7-E17228CDF5A3}.Release|Any CPU.ActiveCfg = Release|Any CPU
		{5C26CC31-DDA7-4D45-A1C7-E17228CDF5A3}.Release|Any CPU.Build.0 = Release|Any CPU
	EndGlobalSection
	GlobalSection(SolutionProperties) = preSolution
		HideSolutionNode = FALSE
	EndGlobalSection
	GlobalSection(ExtensibilityGlobals) = postSolution
		SolutionGuid = {85497FD1-B05B-4102-AE86-A0B306E0DDD2}
	EndGlobalSection
EndGlobal
